
Microsoft Visual Studio Solution File, Format Version 12.00
# Visual Studio Version 17
VisualStudioVersion = 17.5.33627.172
MinimumVisualStudioVersion = 10.0.40219.1
Project("{2150E333-8FDC-42A3-9474-1A3956D46DE8}") = "src", "src", "{FEFE5CF6-9501-4A50-BA07-BDE432B40409}"
EndProject
Project("{2150E333-8FDC-42A3-9474-1A3956D46DE8}") = "Core", "Core", "{B03C0366-93C0-4761-8F4F-FF9ECB07452F}"
EndProject
Project("{2150E333-8FDC-42A3-9474-1A3956D46DE8}") = "Infrastructure", "Infrastructure", "{DFD897E4-BEEE-49D1-AA45-E8333C9E834B}"
EndProject
Project("{2150E333-8FDC-42A3-9474-1A3956D46DE8}") = "Presentation", "Presentation", "{E8703036-ED0A-4D01-9DA4-E68C8AFBA964}"
EndProject
Project("{2150E333-8FDC-42A3-9474-1A3956D46DE8}") = "tests", "tests", "{27CBBCDF-6D91-4127-9D52-1F3A0098CDB3}"
EndProject
Project("{9A19103F-16F7-4668-BE54-9A1E7A4F7556}") = "AE.Domain", "src\Core\AE.Domain\AE.Domain.csproj", "{34BF47B5-8F7B-4B5C-8B22-492DA5040052}"
EndProject
Project("{9A19103F-16F7-4668-BE54-9A1E7A4F7556}") = "AE.Application", "src\Core\AE.Application\AE.Application.csproj", "{B215D7E6-219C-4212-BAE4-BAFAB938D8B6}"
EndProject
Project("{9A19103F-16F7-4668-BE54-9A1E7A4F7556}") = "AE.Persistence", "src\Infrastructure\AE.Persistence\AE.Persistence.csproj", "{A2312E58-F709-46D8-9697-95A8EB79F812}"
EndProject
Project("{9A19103F-16F7-4668-BE54-9A1E7A4F7556}") = "AE.WebAPI", "src\Presentation\AE.WebAPI\AE.WebAPI.csproj", "{9EDC3230-A1B9-4872-BC0C-7AB2988CF93D}"
EndProject
Project("{9A19103F-16F7-4668-BE54-9A1E7A4F7556}") = "AE.UnitTests", "tests\AE.UnitTests\AE.UnitTests.csproj", "{033D59FB-2B35-4CBF-9490-F358E9B5F2C0}"
EndProject
Project("{2150E333-8FDC-42A3-9474-1A3956D46DE8}") = "Shared", "Shared", "{EF1DB8CA-9079-461D-AA67-87DC29AC027D}"
EndProject
Project("{FAE04EC0-301F-11D3-BF4B-00C04F79EFBC}") = "AE.Utils", "src\Shared\AE.Utils\AE.Utils.csproj", "{39AC3A2A-7E09-45E2-95CB-334BAB692855}"
EndProject
Global
	GlobalSection(SolutionConfigurationPlatforms) = preSolution
		Debug|Any CPU = Debug|Any CPU
		Release|Any CPU = Release|Any CPU
	EndGlobalSection
	GlobalSection(ProjectConfigurationPlatforms) = postSolution
		{34BF47B5-8F7B-4B5C-8B22-492DA5040052}.Debug|Any CPU.ActiveCfg = Debug|Any CPU
		{34BF47B5-8F7B-4B5C-8B22-492DA5040052}.Debug|Any CPU.Build.0 = Debug|Any CPU
		{34BF47B5-8F7B-4B5C-8B22-492DA5040052}.Release|Any CPU.ActiveCfg = Release|Any CPU
		{34BF47B5-8F7B-4B5C-8B22-492DA5040052}.Release|Any CPU.Build.0 = Release|Any CPU
		{B215D7E6-219C-4212-BAE4-BAFAB938D8B6}.Debug|Any CPU.ActiveCfg = Debug|Any CPU
		{B215D7E6-219C-4212-BAE4-BAFAB938D8B6}.Debug|Any CPU.Build.0 = Debug|Any CPU
		{B215D7E6-219C-4212-BAE4-BAFAB938D8B6}.Release|Any CPU.ActiveCfg = Release|Any CPU
		{B215D7E6-219C-4212-BAE4-BAFAB938D8B6}.Release|Any CPU.Build.0 = Release|Any CPU
		{A2312E58-F709-46D8-9697-95A8EB79F812}.Debug|Any CPU.ActiveCfg = Debug|Any CPU
		{A2312E58-F709-46D8-9697-95A8EB79F812}.Debug|Any CPU.Build.0 = Debug|Any CPU
		{A2312E58-F709-46D8-9697-95A8EB79F812}.Release|Any CPU.ActiveCfg = Release|Any CPU
		{A2312E58-F709-46D8-9697-95A8EB79F812}.Release|Any CPU.Build.0 = Release|Any CPU
		{9EDC3230-A1B9-4872-BC0C-7AB2988CF93D}.Debug|Any CPU.ActiveCfg = Debug|Any CPU
		{9EDC3230-A1B9-4872-BC0C-7AB2988CF93D}.Debug|Any CPU.Build.0 = Debug|Any CPU
		{9EDC3230-A1B9-4872-BC0C-7AB2988CF93D}.Release|Any CPU.ActiveCfg = Release|Any CPU
		{9EDC3230-A1B9-4872-BC0C-7AB2988CF93D}.Release|Any CPU.Build.0 = Release|Any CPU
		{033D59FB-2B35-4CBF-9490-F358E9B5F2C0}.Debug|Any CPU.ActiveCfg = Debug|Any CPU
		{033D59FB-2B35-4CBF-9490-F358E9B5F2C0}.Debug|Any CPU.Build.0 = Debug|Any CPU
		{033D59FB-2B35-4CBF-9490-F358E9B5F2C0}.Release|Any CPU.ActiveCfg = Release|Any CPU
		{033D59FB-2B35-4CBF-9490-F358E9B5F2C0}.Release|Any CPU.Build.0 = Release|Any CPU
		{39AC3A2A-7E09-45E2-95CB-334BAB692855}.Debug|Any CPU.ActiveCfg = Debug|Any CPU
		{39AC3A2A-7E09-45E2-95CB-334BAB692855}.Debug|Any CPU.Build.0 = Debug|Any CPU
		{39AC3A2A-7E09-45E2-95CB-334BAB692855}.Release|Any CPU.ActiveCfg = Release|Any CPU
		{39AC3A2A-7E09-45E2-95CB-334BAB692855}.Release|Any CPU.Build.0 = Release|Any CPU
	EndGlobalSection
	GlobalSection(SolutionProperties) = preSolution
		HideSolutionNode = FALSE
	EndGlobalSection
	GlobalSection(NestedProjects) = preSolution
		{B03C0366-93C0-4761-8F4F-FF9ECB07452F} = {FEFE5CF6-9501-4A50-BA07-BDE432B40409}
		{DFD897E4-BEEE-49D1-AA45-E8333C9E834B} = {FEFE5CF6-9501-4A50-BA07-BDE432B40409}
		{E8703036-ED0A-4D01-9DA4-E68C8AFBA964} = {FEFE5CF6-9501-4A50-BA07-BDE432B40409}
		{34BF47B5-8F7B-4B5C-8B22-492DA5040052} = {B03C0366-93C0-4761-8F4F-FF9ECB07452F}
		{B215D7E6-219C-4212-BAE4-BAFAB938D8B6} = {B03C0366-93C0-4761-8F4F-FF9ECB07452F}
		{A2312E58-F709-46D8-9697-95A8EB79F812} = {DFD897E4-BEEE-49D1-AA45-E8333C9E834B}
		{9EDC3230-A1B9-4872-BC0C-7AB2988CF93D} = {E8703036-ED0A-4D01-9DA4-E68C8AFBA964}
		{033D59FB-2B35-4CBF-9490-F358E9B5F2C0} = {27CBBCDF-6D91-4127-9D52-1F3A0098CDB3}
		{EF1DB8CA-9079-461D-AA67-87DC29AC027D} = {FEFE5CF6-9501-4A50-BA07-BDE432B40409}
		{39AC3A2A-7E09-45E2-95CB-334BAB692855} = {EF1DB8CA-9079-461D-AA67-87DC29AC027D}
	EndGlobalSection
	GlobalSection(ExtensibilityGlobals) = postSolution
		SolutionGuid = {785C22CC-0C13-4B9F-AB94-005C93CEF4A3}
	EndGlobalSection
EndGlobal
